
Microsoft Visual Studio Solution File, Format Version 12.00
# Visual Studio Version 16
VisualStudioVersion = 16.0.30320.27
MinimumVisualStudioVersion = 10.0.40219.1
Project("{FAE04EC0-301F-11D3-BF4B-00C04F79EFBC}") = "SimpleML", "SimpleML\SimpleML.csproj", "{6E4641AA-328F-4DD4-8BD3-8D5994B4AF3D}"
EndProject
Global
	GlobalSection(SolutionConfigurationPlatforms) = preSolution
		Debug|Any CPU = Debug|Any CPU
		Release|Any CPU = Release|Any CPU
	EndGlobalSection
	GlobalSection(ProjectConfigurationPlatforms) = postSolution
		{6E4641AA-328F-4DD4-8BD3-8D5994B4AF3D}.Debug|Any CPU.ActiveCfg = Debug|Any CPU
		{6E4641AA-328F-4DD4-8BD3-8D5994B4AF3D}.Debug|Any CPU.Build.0 = Debug|Any CPU
		{6E4641AA-328F-4DD4-8BD3-8D5994B4AF3D}.Release|Any CPU.ActiveCfg = Release|Any CPU
		{6E4641AA-328F-4DD4-8BD3-8D5994B4AF3D}.Release|Any CPU.Build.0 = Release|Any CPU
	EndGlobalSection
	GlobalSection(SolutionProperties) = preSolution
		HideSolutionNode = FALSE
	EndGlobalSection
	GlobalSection(ExtensibilityGlobals) = postSolution
		SolutionGuid = {0336391C-F714-455F-9E2F-E3CD39819AC8}
	EndGlobalSection
EndGlobal
